
Microsoft Visual Studio Solution File, Format Version 12.00
# Visual Studio Version 16
VisualStudioVersion = 16.0.32106.194
MinimumVisualStudioVersion = 10.0.40219.1
Project("{FAE04EC0-301F-11D3-BF4B-00C04F79EFBC}") = "simple_secondscreen", "simple_secondscreen.csproj", "{E05EDD0E-66E6-437D-97A0-D96B63FDBFF9}"
EndProject
Global
	GlobalSection(SolutionConfigurationPlatforms) = preSolution
		Debug|Any CPU = Debug|Any CPU
		Release|Any CPU = Release|Any CPU
	EndGlobalSection
	GlobalSection(ProjectConfigurationPlatforms) = postSolution
		{E05EDD0E-66E6-437D-97A0-D96B63FDBFF9}.Debug|Any CPU.ActiveCfg = Debug|Any CPU
		{E05EDD0E-66E6-437D-97A0-D96B63FDBFF9}.Debug|Any CPU.Build.0 = Debug|Any CPU
		{E05EDD0E-66E6-437D-97A0-D96B63FDBFF9}.Release|Any CPU.ActiveCfg = Release|Any CPU
		{E05EDD0E-66E6-437D-97A0-D96B63FDBFF9}.Release|Any CPU.Build.0 = Release|Any CPU
	EndGlobalSection
	GlobalSection(SolutionProperties) = preSolution
		HideSolutionNode = FALSE
	EndGlobalSection
	GlobalSection(ExtensibilityGlobals) = postSolution
		SolutionGuid = {FD7564E2-7777-40AE-990C-3B0E08767725}
	EndGlobalSection
EndGlobal
