
Microsoft Visual Studio Solution File, Format Version 12.00
# Visual Studio Version 16
VisualStudioVersion = 16.0.32106.194
MinimumVisualStudioVersion = 10.0.40219.1
Project("{FAE04EC0-301F-11D3-BF4B-00C04F79EFBC}") = "simple_test4", "simple_test4.csproj", "{77AA58CA-F835-4560-B10A-39FE907BC0C5}"
EndProject
Global
	GlobalSection(SolutionConfigurationPlatforms) = preSolution
		Debug|Any CPU = Debug|Any CPU
		Release|Any CPU = Release|Any CPU
	EndGlobalSection
	GlobalSection(ProjectConfigurationPlatforms) = postSolution
		{77AA58CA-F835-4560-B10A-39FE907BC0C5}.Debug|Any CPU.ActiveCfg = Debug|Any CPU
		{77AA58CA-F835-4560-B10A-39FE907BC0C5}.Debug|Any CPU.Build.0 = Debug|Any CPU
		{77AA58CA-F835-4560-B10A-39FE907BC0C5}.Release|Any CPU.ActiveCfg = Release|Any CPU
		{77AA58CA-F835-4560-B10A-39FE907BC0C5}.Release|Any CPU.Build.0 = Release|Any CPU
	EndGlobalSection
	GlobalSection(SolutionProperties) = preSolution
		HideSolutionNode = FALSE
	EndGlobalSection
	GlobalSection(ExtensibilityGlobals) = postSolution
		SolutionGuid = {65486198-2AC2-4D4E-B343-A6B8A5D1476A}
	EndGlobalSection
EndGlobal
